
Microsoft Visual Studio Solution File, Format Version 12.00
# Visual Studio Version 17
VisualStudioVersion = 17.5.33414.496
MinimumVisualStudioVersion = 10.0.40219.1
Project("{9A19103F-16F7-4668-BE54-9A1E7A4F7556}") = "UILayer", "UILayer\UILayer.csproj", "{866BD144-1B21-496B-B83E-9B9CE3AE4DAD}"
EndProject
Project("{FAE04EC0-301F-11D3-BF4B-00C04F79EFBC}") = "BusinessLayer", "BusinessLayer\BusinessLayer.csproj", "{976C5072-90B2-45BF-9E3A-8E114D4068DC}"
EndProject
Project("{9A19103F-16F7-4668-BE54-9A1E7A4F7556}") = "DataLayer", "DataLayer\DataLayer.csproj", "{DFCCFBA1-0675-4C94-8314-38D1A572A502}"
EndProject
Global
	GlobalSection(SolutionConfigurationPlatforms) = preSolution
		Debug|Any CPU = Debug|Any CPU
		Release|Any CPU = Release|Any CPU
	EndGlobalSection
	GlobalSection(ProjectConfigurationPlatforms) = postSolution
		{866BD144-1B21-496B-B83E-9B9CE3AE4DAD}.Debug|Any CPU.ActiveCfg = Debug|Any CPU
		{866BD144-1B21-496B-B83E-9B9CE3AE4DAD}.Debug|Any CPU.Build.0 = Debug|Any CPU
		{866BD144-1B21-496B-B83E-9B9CE3AE4DAD}.Release|Any CPU.ActiveCfg = Release|Any CPU
		{866BD144-1B21-496B-B83E-9B9CE3AE4DAD}.Release|Any CPU.Build.0 = Release|Any CPU
		{976C5072-90B2-45BF-9E3A-8E114D4068DC}.Debug|Any CPU.ActiveCfg = Debug|Any CPU
		{976C5072-90B2-45BF-9E3A-8E114D4068DC}.Debug|Any CPU.Build.0 = Debug|Any CPU
		{976C5072-90B2-45BF-9E3A-8E114D4068DC}.Release|Any CPU.ActiveCfg = Release|Any CPU
		{976C5072-90B2-45BF-9E3A-8E114D4068DC}.Release|Any CPU.Build.0 = Release|Any CPU
		{DFCCFBA1-0675-4C94-8314-38D1A572A502}.Debug|Any CPU.ActiveCfg = Debug|Any CPU
		{DFCCFBA1-0675-4C94-8314-38D1A572A502}.Debug|Any CPU.Build.0 = Debug|Any CPU
		{DFCCFBA1-0675-4C94-8314-38D1A572A502}.Release|Any CPU.ActiveCfg = Release|Any CPU
		{DFCCFBA1-0675-4C94-8314-38D1A572A502}.Release|Any CPU.Build.0 = Release|Any CPU
	EndGlobalSection
	GlobalSection(SolutionProperties) = preSolution
		HideSolutionNode = FALSE
	EndGlobalSection
	GlobalSection(ExtensibilityGlobals) = postSolution
		SolutionGuid = {7C1D07FB-9B59-4E87-AE1A-640BD8A01136}
	EndGlobalSection
EndGlobal
